// !$*UTF8*$!
{
	archiveVersion = 1;
	classes = {
	};
	objectVersion = 56;
	objects = {

/* Begin PBXBuildFile section */
		2C9A05DF2B0B7013008D1D9A /* AppDelegate.swift in Sources */ = {isa = PBXBuildFile; fileRef = 2C9A05DE2B0B7013008D1D9A /* AppDelegate.swift */; };
		2C9A05E12B0B7013008D1D9A /* SceneDelegate.swift in Sources */ = {isa = PBXBuildFile; fileRef = 2C9A05E02B0B7013008D1D9A /* SceneDelegate.swift */; };
		2C9A05E32B0B7013008D1D9A /* ViewController.swift in Sources */ = {isa = PBXBuildFile; fileRef = 2C9A05E22B0B7013008D1D9A /* ViewController.swift */; };
		2C9A05E82B0B7014008D1D9A /* Assets.xcassets in Resources */ = {isa = PBXBuildFile; fileRef = 2C9A05E72B0B7014008D1D9A /* Assets.xcassets */; };
		2C9A05EB2B0B7014008D1D9A /* LaunchScreen.storyboard in Resources */ = {isa = PBXBuildFile; fileRef = 2C9A05E92B0B7014008D1D9A /* LaunchScreen.storyboard */; };
		2C9A05F62B0B7151008D1D9A /* View.swift in Sources */ = {isa = PBXBuildFile; fileRef = 2C9A05F52B0B7151008D1D9A /* View.swift */; };
		2C9A05F92B0D4DEA008D1D9A /* UIButton.swift in Sources */ = {isa = PBXBuildFile; fileRef = 2C9A05F82B0D4DEA008D1D9A /* UIButton.swift */; };
		2C9A05FB2B0D4EFB008D1D9A /* UILabel.swift in Sources */ = {isa = PBXBuildFile; fileRef = 2C9A05FA2B0D4EFB008D1D9A /* UILabel.swift */; };
		2C9A05FD2B0D4F83008D1D9A /* UIImageView.swift in Sources */ = {isa = PBXBuildFile; fileRef = 2C9A05FC2B0D4F83008D1D9A /* UIImageView.swift */; };
		2C9A05FF2B0D5048008D1D9A /* UISlider.swift in Sources */ = {isa = PBXBuildFile; fileRef = 2C9A05FE2B0D5048008D1D9A /* UISlider.swift */; };
		2C9A06012B0D51E2008D1D9A /* UIView.swift in Sources */ = {isa = PBXBuildFile; fileRef = 2C9A06002B0D51E2008D1D9A /* UIView.swift */; };
/* End PBXBuildFile section */

/* Begin PBXFileReference section */
		2C9A05DB2B0B7013008D1D9A /* BMI calculator by code.app */ = {isa = PBXFileReference; explicitFileType = wrapper.application; includeInIndex = 0; path = "BMI calculator by code.app"; sourceTree = BUILT_PRODUCTS_DIR; };
		2C9A05DE2B0B7013008D1D9A /* AppDelegate.swift */ = {isa = PBXFileReference; lastKnownFileType = sourcecode.swift; path = AppDelegate.swift; sourceTree = "<group>"; };
		2C9A05E02B0B7013008D1D9A /* SceneDelegate.swift */ = {isa = PBXFileReference; lastKnownFileType = sourcecode.swift; path = SceneDelegate.swift; sourceTree = "<group>"; };
		2C9A05E22B0B7013008D1D9A /* ViewController.swift */ = {isa = PBXFileReference; lastKnownFileType = sourcecode.swift; path = ViewController.swift; sourceTree = "<group>"; };
		2C9A05E72B0B7014008D1D9A /* Assets.xcassets */ = {isa = PBXFileReference; lastKnownFileType = folder.assetcatalog; path = Assets.xcassets; sourceTree = "<group>"; };
		2C9A05EA2B0B7014008D1D9A /* Base */ = {isa = PBXFileReference; lastKnownFileType = file.storyboard; name = Base; path = Base.lproj/LaunchScreen.storyboard; sourceTree = "<group>"; };
		2C9A05EC2B0B7014008D1D9A /* Info.plist */ = {isa = PBXFileReference; lastKnownFileType = text.plist.xml; path = Info.plist; sourceTree = "<group>"; };
		2C9A05F52B0B7151008D1D9A /* View.swift */ = {isa = PBXFileReference; lastKnownFileType = sourcecode.swift; path = View.swift; sourceTree = "<group>"; };
		2C9A05F82B0D4DEA008D1D9A /* UIButton.swift */ = {isa = PBXFileReference; lastKnownFileType = sourcecode.swift; path = UIButton.swift; sourceTree = "<group>"; };
		2C9A05FA2B0D4EFB008D1D9A /* UILabel.swift */ = {isa = PBXFileReference; lastKnownFileType = sourcecode.swift; path = UILabel.swift; sourceTree = "<group>"; };
		2C9A05FC2B0D4F83008D1D9A /* UIImageView.swift */ = {isa = PBXFileReference; lastKnownFileType = sourcecode.swift; path = UIImageView.swift; sourceTree = "<group>"; };
		2C9A05FE2B0D5048008D1D9A /* UISlider.swift */ = {isa = PBXFileReference; lastKnownFileType = sourcecode.swift; path = UISlider.swift; sourceTree = "<group>"; };
		2C9A06002B0D51E2008D1D9A /* UIView.swift */ = {isa = PBXFileReference; lastKnownFileType = sourcecode.swift; path = UIView.swift; sourceTree = "<group>"; };
/* End PBXFileReference section */

/* Begin PBXFrameworksBuildPhase section */
		2C9A05D82B0B7013008D1D9A /* Frameworks */ = {
			isa = PBXFrameworksBuildPhase;
			buildActionMask = 2147483647;
			files = (
			);
			runOnlyForDeploymentPostprocessing = 0;
		};
/* End PBXFrameworksBuildPhase section */

/* Begin PBXGroup section */
		2C9A05D22B0B7013008D1D9A = {
			isa = PBXGroup;
			children = (
				2C9A05DD2B0B7013008D1D9A /* BMI calculator by code */,
				2C9A05DC2B0B7013008D1D9A /* Products */,
			);
			sourceTree = "<group>";
		};
		2C9A05DC2B0B7013008D1D9A /* Products */ = {
			isa = PBXGroup;
			children = (
				2C9A05DB2B0B7013008D1D9A /* BMI calculator by code.app */,
			);
			name = Products;
			sourceTree = "<group>";
		};
		2C9A05DD2B0B7013008D1D9A /* BMI calculator by code */ = {
			isa = PBXGroup;
			children = (
				2C9A05F72B0D4D6E008D1D9A /* Extensions */,
				2C9A05F32B0B70CA008D1D9A /* Model */,
				2C9A05F42B0B70DB008D1D9A /* View */,
				2C9A05F22B0B70AB008D1D9A /* Controller */,
				2C9A05E02B0B7013008D1D9A /* SceneDelegate.swift */,
				2C9A05DE2B0B7013008D1D9A /* AppDelegate.swift */,
				2C9A05E72B0B7014008D1D9A /* Assets.xcassets */,
				2C9A05E92B0B7014008D1D9A /* LaunchScreen.storyboard */,
				2C9A05EC2B0B7014008D1D9A /* Info.plist */,
			);
			path = "BMI calculator by code";
			sourceTree = "<group>";
		};
		2C9A05F22B0B70AB008D1D9A /* Controller */ = {
			isa = PBXGroup;
			children = (
				2C9A05E22B0B7013008D1D9A /* ViewController.swift */,
			);
			path = Controller;
			sourceTree = "<group>";
		};
		2C9A05F32B0B70CA008D1D9A /* Model */ = {
			isa = PBXGroup;
			children = (
			);
			path = Model;
			sourceTree = "<group>";
		};
		2C9A05F42B0B70DB008D1D9A /* View */ = {
			isa = PBXGroup;
			children = (
				2C9A05F52B0B7151008D1D9A /* View.swift */,
			);
			path = View;
			sourceTree = "<group>";
		};
		2C9A05F72B0D4D6E008D1D9A /* Extensions */ = {
			isa = PBXGroup;
			children = (
				2C9A05F82B0D4DEA008D1D9A /* UIButton.swift */,
				2C9A05FA2B0D4EFB008D1D9A /* UILabel.swift */,
				2C9A05FC2B0D4F83008D1D9A /* UIImageView.swift */,
				2C9A05FE2B0D5048008D1D9A /* UISlider.swift */,
				2C9A06002B0D51E2008D1D9A /* UIView.swift */,
			);
			path = Extensions;
			sourceTree = "<group>";
		};
/* End PBXGroup section */

/* Begin PBXNativeTarget section */
		2C9A05DA2B0B7013008D1D9A /* BMI calculator by code */ = {
			isa = PBXNativeTarget;
			buildConfigurationList = 2C9A05EF2B0B7014008D1D9A /* Build configuration list for PBXNativeTarget "BMI calculator by code" */;
			buildPhases = (
				2C9A05D72B0B7013008D1D9A /* Sources */,
				2C9A05D82B0B7013008D1D9A /* Frameworks */,
				2C9A05D92B0B7013008D1D9A /* Resources */,
			);
			buildRules = (
			);
			dependencies = (
			);
			name = "BMI calculator by code";
			productName = "BMI calculator by code";
			productReference = 2C9A05DB2B0B7013008D1D9A /* BMI calculator by code.app */;
			productType = "com.apple.product-type.application";
		};
/* End PBXNativeTarget section */

/* Begin PBXProject section */
		2C9A05D32B0B7013008D1D9A /* Project object */ = {
			isa = PBXProject;
			attributes = {
				BuildIndependentTargetsInParallel = 1;
				LastSwiftUpdateCheck = 1420;
				LastUpgradeCheck = 1420;
				TargetAttributes = {
					2C9A05DA2B0B7013008D1D9A = {
						CreatedOnToolsVersion = 14.2;
					};
				};
			};
			buildConfigurationList = 2C9A05D62B0B7013008D1D9A /* Build configuration list for PBXProject "BMI calculator by code" */;
			compatibilityVersion = "Xcode 14.0";
			developmentRegion = en;
			hasScannedForEncodings = 0;
			knownRegions = (
				en,
				Base,
			);
			mainGroup = 2C9A05D22B0B7013008D1D9A;
			productRefGroup = 2C9A05DC2B0B7013008D1D9A /* Products */;
			projectDirPath = "";
			projectRoot = "";
			targets = (
				2C9A05DA2B0B7013008D1D9A /* BMI calculator by code */,
			);
		};
/* End PBXProject section */

/* Begin PBXResourcesBuildPhase section */
		2C9A05D92B0B7013008D1D9A /* Resources */ = {
			isa = PBXResourcesBuildPhase;
			buildActionMask = 2147483647;
			files = (
				2C9A05EB2B0B7014008D1D9A /* LaunchScreen.storyboard in Resources */,
				2C9A05E82B0B7014008D1D9A /* Assets.xcassets in Resources */,
			);
			runOnlyForDeploymentPostprocessing = 0;
		};
/* End PBXResourcesBuildPhase section */

/* Begin PBXSourcesBuildPhase section */
		2C9A05D72B0B7013008D1D9A /* Sources */ = {
			isa = PBXSourcesBuildPhase;
			buildActionMask = 2147483647;
			files = (
				2C9A05F92B0D4DEA008D1D9A /* UIButton.swift in Sources */,
				2C9A05F62B0B7151008D1D9A /* View.swift in Sources */,
				2C9A05FF2B0D5048008D1D9A /* UISlider.swift in Sources */,
				2C9A05FD2B0D4F83008D1D9A /* UIImageView.swift in Sources */,
				2C9A05E32B0B7013008D1D9A /* ViewController.swift in Sources */,
				2C9A05DF2B0B7013008D1D9A /* AppDelegate.swift in Sources */,
				2C9A05FB2B0D4EFB008D1D9A /* UILabel.swift in Sources */,
				2C9A06012B0D51E2008D1D9A /* UIView.swift in Sources */,
				2C9A05E12B0B7013008D1D9A /* SceneDelegate.swift in Sources */,
			);
			runOnlyForDeploymentPostprocessing = 0;
		};
/* End PBXSourcesBuildPhase section */

/* Begin PBXVariantGroup section */
		2C9A05E92B0B7014008D1D9A /* LaunchScreen.storyboard */ = {
			isa = PBXVariantGroup;
			children = (
				2C9A05EA2B0B7014008D1D9A /* Base */,
			);
			name = LaunchScreen.storyboard;
			sourceTree = "<group>";
		};
/* End PBXVariantGroup section */

/* Begin XCBuildConfiguration section */
		2C9A05ED2B0B7014008D1D9A /* Debug */ = {
			isa = XCBuildConfiguration;
			buildSettings = {
				ALWAYS_SEARCH_USER_PATHS = NO;
				CLANG_ANALYZER_NONNULL = YES;
				CLANG_ANALYZER_NUMBER_OBJECT_CONVERSION = YES_AGGRESSIVE;
				CLANG_CXX_LANGUAGE_STANDARD = "gnu++20";
				CLANG_ENABLE_MODULES = YES;
				CLANG_ENABLE_OBJC_ARC = YES;
				CLANG_ENABLE_OBJC_WEAK = YES;
				CLANG_WARN_BLOCK_CAPTURE_AUTORELEASING = YES;
				CLANG_WARN_BOOL_CONVERSION = YES;
				CLANG_WARN_COMMA = YES;
				CLANG_WARN_CONSTANT_CONVERSION = YES;
				CLANG_WARN_DEPRECATED_OBJC_IMPLEMENTATIONS = YES;
				CLANG_WARN_DIRECT_OBJC_ISA_USAGE = YES_ERROR;
				CLANG_WARN_DOCUMENTATION_COMMENTS = YES;
				CLANG_WARN_EMPTY_BODY = YES;
				CLANG_WARN_ENUM_CONVERSION = YES;
				CLANG_WARN_INFINITE_RECURSION = YES;
				CLANG_WARN_INT_CONVERSION = YES;
				CLANG_WARN_NON_LITERAL_NULL_CONVERSION = YES;
				CLANG_WARN_OBJC_IMPLICIT_RETAIN_SELF = YES;
				CLANG_WARN_OBJC_LITERAL_CONVERSION = YES;
				CLANG_WARN_OBJC_ROOT_CLASS = YES_ERROR;
				CLANG_WARN_QUOTED_INCLUDE_IN_FRAMEWORK_HEADER = YES;
				CLANG_WARN_RANGE_LOOP_ANALYSIS = YES;
				CLANG_WARN_STRICT_PROTOTYPES = YES;
				CLANG_WARN_SUSPICIOUS_MOVE = YES;
				CLANG_WARN_UNGUARDED_AVAILABILITY = YES_AGGRESSIVE;
				CLANG_WARN_UNREACHABLE_CODE = YES;
				CLANG_WARN__DUPLICATE_METHOD_MATCH = YES;
				COPY_PHASE_STRIP = NO;
				DEBUG_INFORMATION_FORMAT = dwarf;
				ENABLE_STRICT_OBJC_MSGSEND = YES;
				ENABLE_TESTABILITY = YES;
				GCC_C_LANGUAGE_STANDARD = gnu11;
				GCC_DYNAMIC_NO_PIC = NO;
				GCC_NO_COMMON_BLOCKS = YES;
				GCC_OPTIMIZATION_LEVEL = 0;
				GCC_PREPROCESSOR_DEFINITIONS = (
					"DEBUG=1",
					"$(inherited)",
				);
				GCC_WARN_64_TO_32_BIT_CONVERSION = YES;
				GCC_WARN_ABOUT_RETURN_TYPE = YES_ERROR;
				GCC_WARN_UNDECLARED_SELECTOR = YES;
				GCC_WARN_UNINITIALIZED_AUTOS = YES_AGGRESSIVE;
				GCC_WARN_UNUSED_FUNCTION = YES;
				GCC_WARN_UNUSED_VARIABLE = YES;
				IPHONEOS_DEPLOYMENT_TARGET = 16.2;
				MTL_ENABLE_DEBUG_INFO = INCLUDE_SOURCE;
				MTL_FAST_MATH = YES;
				ONLY_ACTIVE_ARCH = YES;
				SDKROOT = iphoneos;
				SWIFT_ACTIVE_COMPILATION_CONDITIONS = DEBUG;
				SWIFT_OPTIMIZATION_LEVEL = "-Onone";
			};
			name = Debug;
		};
		2C9A05EE2B0B7014008D1D9A /* Release */ = {
			isa = XCBuildConfiguration;
			buildSettings = {
				ALWAYS_SEARCH_USER_PATHS = NO;
				CLANG_ANALYZER_NONNULL = YES;
				CLANG_ANALYZER_NUMBER_OBJECT_CONVERSION = YES_AGGRESSIVE;
				CLANG_CXX_LANGUAGE_STANDARD = "gnu++20";
				CLANG_ENABLE_MODULES = YES;
				CLANG_ENABLE_OBJC_ARC = YES;
				CLANG_ENABLE_OBJC_WEAK = YES;
				CLANG_WARN_BLOCK_CAPTURE_AUTORELEASING = YES;
				CLANG_WARN_BOOL_CONVERSION = YES;
				CLANG_WARN_COMMA = YES;
				CLANG_WARN_CONSTANT_CONVERSION = YES;
				CLANG_WARN_DEPRECATED_OBJC_IMPLEMENTATIONS = YES;
				CLANG_WARN_DIRECT_OBJC_ISA_USAGE = YES_ERROR;
				CLANG_WARN_DOCUMENTATION_COMMENTS = YES;
				CLANG_WARN_EMPTY_BODY = YES;
				CLANG_WARN_ENUM_CONVERSION = YES;
				CLANG_WARN_INFINITE_RECURSION = YES;
				CLANG_WARN_INT_CONVERSION = YES;
				CLANG_WARN_NON_LITERAL_NULL_CONVERSION = YES;
				CLANG_WARN_OBJC_IMPLICIT_RETAIN_SELF = YES;
				CLANG_WARN_OBJC_LITERAL_CONVERSION = YES;
				CLANG_WARN_OBJC_ROOT_CLASS = YES_ERROR;
				CLANG_WARN_QUOTED_INCLUDE_IN_FRAMEWORK_HEADER = YES;
				CLANG_WARN_RANGE_LOOP_ANALYSIS = YES;
				CLANG_WARN_STRICT_PROTOTYPES = YES;
				CLANG_WARN_SUSPICIOUS_MOVE = YES;
				CLANG_WARN_UNGUARDED_AVAILABILITY = YES_AGGRESSIVE;
				CLANG_WARN_UNREACHABLE_CODE = YES;
				CLANG_WARN__DUPLICATE_METHOD_MATCH = YES;
				COPY_PHASE_STRIP = NO;
				DEBUG_INFORMATION_FORMAT = "dwarf-with-dsym";
				ENABLE_NS_ASSERTIONS = NO;
				ENABLE_STRICT_OBJC_MSGSEND = YES;
				GCC_C_LANGUAGE_STANDARD = gnu11;
				GCC_NO_COMMON_BLOCKS = YES;
				GCC_WARN_64_TO_32_BIT_CONVERSION = YES;
				GCC_WARN_ABOUT_RETURN_TYPE = YES_ERROR;
				GCC_WARN_UNDECLARED_SELECTOR = YES;
				GCC_WARN_UNINITIALIZED_AUTOS = YES_AGGRESSIVE;
				GCC_WARN_UNUSED_FUNCTION = YES;
				GCC_WARN_UNUSED_VARIABLE = YES;
				IPHONEOS_DEPLOYMENT_TARGET = 16.2;
				MTL_ENABLE_DEBUG_INFO = NO;
				MTL_FAST_MATH = YES;
				SDKROOT = iphoneos;
				SWIFT_COMPILATION_MODE = wholemodule;
				SWIFT_OPTIMIZATION_LEVEL = "-O";
				VALIDATE_PRODUCT = YES;
			};
			name = Release;
		};
		2C9A05F02B0B7014008D1D9A /* Debug */ = {
			isa = XCBuildConfiguration;
			buildSettings = {
				ASSETCATALOG_COMPILER_APPICON_NAME = AppIcon;
				ASSETCATALOG_COMPILER_GLOBAL_ACCENT_COLOR_NAME = AccentColor;
				CODE_SIGN_STYLE = Automatic;
				CURRENT_PROJECT_VERSION = 1;
				GENERATE_INFOPLIST_FILE = YES;
				INFOPLIST_FILE = "BMI calculator by code/Info.plist";
				INFOPLIST_KEY_UIApplicationSupportsIndirectInputEvents = YES;
				INFOPLIST_KEY_UILaunchStoryboardName = LaunchScreen;
				INFOPLIST_KEY_UISupportedInterfaceOrientations = UIInterfaceOrientationPortrait;
				INFOPLIST_KEY_UISupportedInterfaceOrientations_iPad = "UIInterfaceOrientationPortrait UIInterfaceOrientationPortraitUpsideDown";
				IPHONEOS_DEPLOYMENT_TARGET = 15.0;
				LD_RUNPATH_SEARCH_PATHS = (
					"$(inherited)",
					"@executable_path/Frameworks",
				);
				MARKETING_VERSION = 1.0;
				PRODUCT_BUNDLE_IDENTIFIER = "com.dmitriynurulin.BMI-calculator-by-code";
				PRODUCT_NAME = "$(TARGET_NAME)";
				SWIFT_EMIT_LOC_STRINGS = YES;
				SWIFT_VERSION = 5.0;
				TARGETED_DEVICE_FAMILY = "1,2";
			};
			name = Debug;
		};
		2C9A05F12B0B7014008D1D9A /* Release */ = {
			isa = XCBuildConfiguration;
			buildSettings = {
				ASSETCATALOG_COMPILER_APPICON_NAME = AppIcon;
				ASSETCATALOG_COMPILER_GLOBAL_ACCENT_COLOR_NAME = AccentColor;
				CODE_SIGN_STYLE = Automatic;
				CURRENT_PROJECT_VERSION = 1;
				GENERATE_INFOPLIST_FILE = YES;
				INFOPLIST_FILE = "BMI calculator by code/Info.plist";
				INFOPLIST_KEY_UIApplicationSupportsIndirectInputEvents = YES;
				INFOPLIST_KEY_UILaunchStoryboardName = LaunchScreen;
				INFOPLIST_KEY_UISupportedInterfaceOrientations = UIInterfaceOrientationPortrait;
				INFOPLIST_KEY_UISupportedInterfaceOrientations_iPad = "UIInterfaceOrientationPortrait UIInterfaceOrientationPortraitUpsideDown";
				IPHONEOS_DEPLOYMENT_TARGET = 15.0;
				LD_RUNPATH_SEARCH_PATHS = (
					"$(inherited)",
					"@executable_path/Frameworks",
				);
				MARKETING_VERSION = 1.0;
				PRODUCT_BUNDLE_IDENTIFIER = "com.dmitriynurulin.BMI-calculator-by-code";
				PRODUCT_NAME = "$(TARGET_NAME)";
				SWIFT_EMIT_LOC_STRINGS = YES;
				SWIFT_VERSION = 5.0;
				TARGETED_DEVICE_FAMILY = "1,2";
			};
			name = Release;
		};
/* End XCBuildConfiguration section */

/* Begin XCConfigurationList section */
		2C9A05D62B0B7013008D1D9A /* Build configuration list for PBXProject "BMI calculator by code" */ = {
			isa = XCConfigurationList;
			buildConfigurations = (
				2C9A05ED2B0B7014008D1D9A /* Debug */,
				2C9A05EE2B0B7014008D1D9A /* Release */,
			);
			defaultConfigurationIsVisible = 0;
			defaultConfigurationName = Release;
		};
		2C9A05EF2B0B7014008D1D9A /* Build configuration list for PBXNativeTarget "BMI calculator by code" */ = {
			isa = XCConfigurationList;
			buildConfigurations = (
				2C9A05F02B0B7014008D1D9A /* Debug */,
				2C9A05F12B0B7014008D1D9A /* Release */,
			);
			defaultConfigurationIsVisible = 0;
			defaultConfigurationName = Release;
		};
/* End XCConfigurationList section */
	};
	rootObject = 2C9A05D32B0B7013008D1D9A /* Project object */;
}
